
Microsoft Visual Studio Solution File, Format Version 12.00
# Visual Studio Version 17
VisualStudioVersion = 17.0.31912.275
MinimumVisualStudioVersion = 10.0.40219.1
Project("{FAE04EC0-301F-11D3-BF4B-00C04F79EFBC}") = "AddressBookSystem", "AddressBookSystem.csproj", "{91C4BB06-4E6A-4AF3-92C8-C0F3AE7404A4}"
EndProject
Global
	GlobalSection(SolutionConfigurationPlatforms) = preSolution
		Debug|Any CPU = Debug|Any CPU
		Release|Any CPU = Release|Any CPU
	EndGlobalSection
	GlobalSection(ProjectConfigurationPlatforms) = postSolution
		{91C4BB06-4E6A-4AF3-92C8-C0F3AE7404A4}.Debug|Any CPU.ActiveCfg = Debug|Any CPU
		{91C4BB06-4E6A-4AF3-92C8-C0F3AE7404A4}.Debug|Any CPU.Build.0 = Debug|Any CPU
		{91C4BB06-4E6A-4AF3-92C8-C0F3AE7404A4}.Release|Any CPU.ActiveCfg = Release|Any CPU
		{91C4BB06-4E6A-4AF3-92C8-C0F3AE7404A4}.Release|Any CPU.Build.0 = Release|Any CPU
	EndGlobalSection
	GlobalSection(SolutionProperties) = preSolution
		HideSolutionNode = FALSE
	EndGlobalSection
	GlobalSection(ExtensibilityGlobals) = postSolution
		SolutionGuid = {E47F2C63-77F6-44CC-A475-F83537C83D65}
	EndGlobalSection
EndGlobal
